
Microsoft Visual Studio Solution File, Format Version 12.00
# Visual Studio Version 16
VisualStudioVersion = 16.0.31129.286
MinimumVisualStudioVersion = 10.0.40219.1
Project("{FAE04EC0-301F-11D3-BF4B-00C04F79EFBC}") = "WA.eStore.ValueObjects", "WA.eStore.ValueObjects\WA.eStore.ValueObjects.csproj", "{1B37E192-C27A-42A3-9E98-508F5A448FE6}"
EndProject
Global
	GlobalSection(SolutionConfigurationPlatforms) = preSolution
		Debug|Any CPU = Debug|Any CPU
		Release|Any CPU = Release|Any CPU
	EndGlobalSection
	GlobalSection(ProjectConfigurationPlatforms) = postSolution
		{1B37E192-C27A-42A3-9E98-508F5A448FE6}.Debug|Any CPU.ActiveCfg = Debug|Any CPU
		{1B37E192-C27A-42A3-9E98-508F5A448FE6}.Debug|Any CPU.Build.0 = Debug|Any CPU
		{1B37E192-C27A-42A3-9E98-508F5A448FE6}.Release|Any CPU.ActiveCfg = Release|Any CPU
		{1B37E192-C27A-42A3-9E98-508F5A448FE6}.Release|Any CPU.Build.0 = Release|Any CPU
	EndGlobalSection
	GlobalSection(SolutionProperties) = preSolution
		HideSolutionNode = FALSE
	EndGlobalSection
	GlobalSection(ExtensibilityGlobals) = postSolution
		SolutionGuid = {D3053FEC-36F4-4C0C-B496-C277C9DCF498}
	EndGlobalSection
EndGlobal
